
Microsoft Visual Studio Solution File, Format Version 12.00
# Visual Studio Version 17
VisualStudioVersion = 17.4.33205.214
MinimumVisualStudioVersion = 10.0.40219.1
Project("{FAE04EC0-301F-11D3-BF4B-00C04F79EFBC}") = "Examen2022", "Examen2022\Examen2022.csproj", "{68E2DBBD-AA26-4CDD-8246-5118EE9B509C}"
EndProject
Global
	GlobalSection(SolutionConfigurationPlatforms) = preSolution
		Debug|Any CPU = Debug|Any CPU
		Release|Any CPU = Release|Any CPU
	EndGlobalSection
	GlobalSection(ProjectConfigurationPlatforms) = postSolution
		{68E2DBBD-AA26-4CDD-8246-5118EE9B509C}.Debug|Any CPU.ActiveCfg = Debug|Any CPU
		{68E2DBBD-AA26-4CDD-8246-5118EE9B509C}.Debug|Any CPU.Build.0 = Debug|Any CPU
		{68E2DBBD-AA26-4CDD-8246-5118EE9B509C}.Release|Any CPU.ActiveCfg = Release|Any CPU
		{68E2DBBD-AA26-4CDD-8246-5118EE9B509C}.Release|Any CPU.Build.0 = Release|Any CPU
	EndGlobalSection
	GlobalSection(SolutionProperties) = preSolution
		HideSolutionNode = FALSE
	EndGlobalSection
	GlobalSection(ExtensibilityGlobals) = postSolution
		SolutionGuid = {5086693B-98A4-4C9D-9835-DD75086A8843}
	EndGlobalSection
EndGlobal
